
Microsoft Visual Studio Solution File, Format Version 12.00
# Visual Studio Version 16
VisualStudioVersion = 16.0.29709.97
MinimumVisualStudioVersion = 10.0.40219.1
Project("{F184B08F-C81C-45F6-A57F-5ABD9991F28F}") = "GitHub-cURLs", "GitHub-cURLs\GitHub-cURLs.vbproj", "{92BE7CB5-3F2D-4591-9B88-305969762156}"
EndProject
Global
	GlobalSection(SolutionConfigurationPlatforms) = preSolution
		Debug|Any CPU = Debug|Any CPU
		Release|Any CPU = Release|Any CPU
	EndGlobalSection
	GlobalSection(ProjectConfigurationPlatforms) = postSolution
		{92BE7CB5-3F2D-4591-9B88-305969762156}.Debug|Any CPU.ActiveCfg = Debug|Any CPU
		{92BE7CB5-3F2D-4591-9B88-305969762156}.Debug|Any CPU.Build.0 = Debug|Any CPU
		{92BE7CB5-3F2D-4591-9B88-305969762156}.Release|Any CPU.ActiveCfg = Release|Any CPU
		{92BE7CB5-3F2D-4591-9B88-305969762156}.Release|Any CPU.Build.0 = Release|Any CPU
	EndGlobalSection
	GlobalSection(SolutionProperties) = preSolution
		HideSolutionNode = FALSE
	EndGlobalSection
	GlobalSection(ExtensibilityGlobals) = postSolution
		SolutionGuid = {8404F592-0361-4177-9851-4BF530D1B02B}
	EndGlobalSection
	GlobalSection(TeamFoundationVersionControl) = preSolution
		SccNumberOfProjects = 2
		SccEnterpriseProvider = {4CA58AB2-18FA-4F8D-95D4-32DDF27D184C}
		SccTeamFoundationServer = https://dev.azure.com/prponuth
		SccLocalPath0 = .
		SccProjectUniqueName1 = GitHub-cURLs\\GitHub-cURLs.vbproj
		SccProjectName1 = GitHub-cURLs
		SccLocalPath1 = GitHub-cURLs
	EndGlobalSection
EndGlobal
